
Microsoft Visual Studio Solution File, Format Version 12.00
# Visual Studio Version 16
VisualStudioVersion = 16.0.28922.388
MinimumVisualStudioVersion = 10.0.40219.1
Project("{FAE04EC0-301F-11D3-BF4B-00C04F79EFBC}") = "WordUnscrambler", "WordUnscrambler\WordUnscrambler.csproj", "{59EE8A82-1E70-499A-A5CB-01F16DF1BF81}"
EndProject
Project("{FAE04EC0-301F-11D3-BF4B-00C04F79EFBC}") = "WordUnscambler.Test.Unit", "WordUnscambler.Test.Unit\WordUnscambler.Test.Unit.csproj", "{49863FA4-2FA9-4B27-8D67-E1735235AC2F}"
EndProject
Global
	GlobalSection(SolutionConfigurationPlatforms) = preSolution
		Debug|Any CPU = Debug|Any CPU
		Release|Any CPU = Release|Any CPU
	EndGlobalSection
	GlobalSection(ProjectConfigurationPlatforms) = postSolution
		{59EE8A82-1E70-499A-A5CB-01F16DF1BF81}.Debug|Any CPU.ActiveCfg = Debug|Any CPU
		{59EE8A82-1E70-499A-A5CB-01F16DF1BF81}.Debug|Any CPU.Build.0 = Debug|Any CPU
		{59EE8A82-1E70-499A-A5CB-01F16DF1BF81}.Release|Any CPU.ActiveCfg = Release|Any CPU
		{59EE8A82-1E70-499A-A5CB-01F16DF1BF81}.Release|Any CPU.Build.0 = Release|Any CPU
		{49863FA4-2FA9-4B27-8D67-E1735235AC2F}.Debug|Any CPU.ActiveCfg = Debug|Any CPU
		{49863FA4-2FA9-4B27-8D67-E1735235AC2F}.Debug|Any CPU.Build.0 = Debug|Any CPU
		{49863FA4-2FA9-4B27-8D67-E1735235AC2F}.Release|Any CPU.ActiveCfg = Release|Any CPU
		{49863FA4-2FA9-4B27-8D67-E1735235AC2F}.Release|Any CPU.Build.0 = Release|Any CPU
	EndGlobalSection
	GlobalSection(SolutionProperties) = preSolution
		HideSolutionNode = FALSE
	EndGlobalSection
	GlobalSection(ExtensibilityGlobals) = postSolution
		SolutionGuid = {25800F7F-4736-4FDC-BC23-D92D33DA6888}
	EndGlobalSection
EndGlobal
