
Microsoft Visual Studio Solution File, Format Version 12.00
# Visual Studio Version 16
VisualStudioVersion = 16.0.28922.388
MinimumVisualStudioVersion = 10.0.40219.1
Project("{FAE04EC0-301F-11D3-BF4B-00C04F79EFBC}") = "SimpleCalculator", "SimpleCalculator.csproj", "{7877BCE1-0A18-4778-B780-15EE845626F8}"
EndProject
Project("{FAE04EC0-301F-11D3-BF4B-00C04F79EFBC}") = "SimpleCalculator.Test.Unit", "SimpleCalculator.Test.Unit\SimpleCalculator.Test.Unit.csproj", "{D8270609-4A4C-40DF-9E3A-4C10B895AACD}"
EndProject
Global
	GlobalSection(SolutionConfigurationPlatforms) = preSolution
		Debug|Any CPU = Debug|Any CPU
		Release|Any CPU = Release|Any CPU
	EndGlobalSection
	GlobalSection(ProjectConfigurationPlatforms) = postSolution
		{7877BCE1-0A18-4778-B780-15EE845626F8}.Debug|Any CPU.ActiveCfg = Debug|Any CPU
		{7877BCE1-0A18-4778-B780-15EE845626F8}.Debug|Any CPU.Build.0 = Debug|Any CPU
		{7877BCE1-0A18-4778-B780-15EE845626F8}.Release|Any CPU.ActiveCfg = Release|Any CPU
		{7877BCE1-0A18-4778-B780-15EE845626F8}.Release|Any CPU.Build.0 = Release|Any CPU
		{D8270609-4A4C-40DF-9E3A-4C10B895AACD}.Debug|Any CPU.ActiveCfg = Debug|Any CPU
		{D8270609-4A4C-40DF-9E3A-4C10B895AACD}.Debug|Any CPU.Build.0 = Debug|Any CPU
		{D8270609-4A4C-40DF-9E3A-4C10B895AACD}.Release|Any CPU.ActiveCfg = Release|Any CPU
		{D8270609-4A4C-40DF-9E3A-4C10B895AACD}.Release|Any CPU.Build.0 = Release|Any CPU
	EndGlobalSection
	GlobalSection(SolutionProperties) = preSolution
		HideSolutionNode = FALSE
	EndGlobalSection
	GlobalSection(ExtensibilityGlobals) = postSolution
		SolutionGuid = {03AD87AB-4A67-4068-B172-188BD98F07EB}
	EndGlobalSection
EndGlobal
