
Microsoft Visual Studio Solution File, Format Version 12.00
# Visual Studio Version 16
VisualStudioVersion = 16.0.28922.388
MinimumVisualStudioVersion = 10.0.40219.1
Project("{FAE04EC0-301F-11D3-BF4B-00C04F79EFBC}") = "CSharp7FeaturesDemo", "CSharp7FeaturesDemo\CSharp7FeaturesDemo.csproj", "{FACD276B-D8A8-4209-9FA2-24D4B497F2BB}"
EndProject
Global
	GlobalSection(SolutionConfigurationPlatforms) = preSolution
		Debug|Any CPU = Debug|Any CPU
		Release|Any CPU = Release|Any CPU
	EndGlobalSection
	GlobalSection(ProjectConfigurationPlatforms) = postSolution
		{FACD276B-D8A8-4209-9FA2-24D4B497F2BB}.Debug|Any CPU.ActiveCfg = Debug|Any CPU
		{FACD276B-D8A8-4209-9FA2-24D4B497F2BB}.Debug|Any CPU.Build.0 = Debug|Any CPU
		{FACD276B-D8A8-4209-9FA2-24D4B497F2BB}.Release|Any CPU.ActiveCfg = Release|Any CPU
		{FACD276B-D8A8-4209-9FA2-24D4B497F2BB}.Release|Any CPU.Build.0 = Release|Any CPU
	EndGlobalSection
	GlobalSection(SolutionProperties) = preSolution
		HideSolutionNode = FALSE
	EndGlobalSection
	GlobalSection(ExtensibilityGlobals) = postSolution
		SolutionGuid = {DDA499A9-FEF8-472A-9BBE-72216F18D45B}
	EndGlobalSection
EndGlobal
