
Microsoft Visual Studio Solution File, Format Version 12.00
# Visual Studio Version 16
VisualStudioVersion = 16.0.28922.388
MinimumVisualStudioVersion = 10.0.40219.1
Project("{FAE04EC0-301F-11D3-BF4B-00C04F79EFBC}") = "SudokuSolver", "SudokuSolver\SudokuSolver.csproj", "{B079CD6F-FCEE-4C50-9AB1-B2AF3513D531}"
EndProject
Global
	GlobalSection(SolutionConfigurationPlatforms) = preSolution
		Debug|Any CPU = Debug|Any CPU
		Release|Any CPU = Release|Any CPU
	EndGlobalSection
	GlobalSection(ProjectConfigurationPlatforms) = postSolution
		{B079CD6F-FCEE-4C50-9AB1-B2AF3513D531}.Debug|Any CPU.ActiveCfg = Debug|Any CPU
		{B079CD6F-FCEE-4C50-9AB1-B2AF3513D531}.Debug|Any CPU.Build.0 = Debug|Any CPU
		{B079CD6F-FCEE-4C50-9AB1-B2AF3513D531}.Release|Any CPU.ActiveCfg = Release|Any CPU
		{B079CD6F-FCEE-4C50-9AB1-B2AF3513D531}.Release|Any CPU.Build.0 = Release|Any CPU
	EndGlobalSection
	GlobalSection(SolutionProperties) = preSolution
		HideSolutionNode = FALSE
	EndGlobalSection
	GlobalSection(ExtensibilityGlobals) = postSolution
		SolutionGuid = {AC519CCC-C3FD-421D-AF5F-16416F92B795}
	EndGlobalSection
EndGlobal
